
Microsoft Visual Studio Solution File, Format Version 12.00
# Visual Studio Version 16
VisualStudioVersion = 16.0.31702.278
MinimumVisualStudioVersion = 10.0.40219.1
Project("{FAE04EC0-301F-11D3-BF4B-00C04F79EFBC}") = "LeetCodeExercises", "LeetCodeExercises\LeetCodeExercises.csproj", "{808D88B8-6B67-4838-847A-AC5A4209A54C}"
EndProject
Project("{FAE04EC0-301F-11D3-BF4B-00C04F79EFBC}") = "LeetCodeExercisesTest", "LeetCodeExercisesTest\LeetCodeExercisesTest.csproj", "{A06F0F4A-A01A-49A1-90C2-6EE72BE2FEA5}"
EndProject
Global
	GlobalSection(SolutionConfigurationPlatforms) = preSolution
		Debug|Any CPU = Debug|Any CPU
		Release|Any CPU = Release|Any CPU
	EndGlobalSection
	GlobalSection(ProjectConfigurationPlatforms) = postSolution
		{808D88B8-6B67-4838-847A-AC5A4209A54C}.Debug|Any CPU.ActiveCfg = Debug|Any CPU
		{808D88B8-6B67-4838-847A-AC5A4209A54C}.Debug|Any CPU.Build.0 = Debug|Any CPU
		{808D88B8-6B67-4838-847A-AC5A4209A54C}.Release|Any CPU.ActiveCfg = Release|Any CPU
		{808D88B8-6B67-4838-847A-AC5A4209A54C}.Release|Any CPU.Build.0 = Release|Any CPU
		{A06F0F4A-A01A-49A1-90C2-6EE72BE2FEA5}.Debug|Any CPU.ActiveCfg = Debug|Any CPU
		{A06F0F4A-A01A-49A1-90C2-6EE72BE2FEA5}.Debug|Any CPU.Build.0 = Debug|Any CPU
		{A06F0F4A-A01A-49A1-90C2-6EE72BE2FEA5}.Release|Any CPU.ActiveCfg = Release|Any CPU
		{A06F0F4A-A01A-49A1-90C2-6EE72BE2FEA5}.Release|Any CPU.Build.0 = Release|Any CPU
	EndGlobalSection
	GlobalSection(SolutionProperties) = preSolution
		HideSolutionNode = FALSE
	EndGlobalSection
	GlobalSection(ExtensibilityGlobals) = postSolution
		SolutionGuid = {20FBA345-E4BB-483E-9711-E4F9E8D0790C}
	EndGlobalSection
EndGlobal
